
Microsoft Visual Studio Solution File, Format Version 12.00
# Visual Studio 15
VisualStudioVersion = 15.0.26124.0
MinimumVisualStudioVersion = 15.0.26124.0
Project("{2150E333-8FDC-42A3-9474-1A3956D46DE8}") = "src", "src", "{151423E1-EB15-4FDC-A330-352AF59CE8ED}"
EndProject
Project("{FAE04EC0-301F-11D3-BF4B-00C04F79EFBC}") = "Library", "src\Library\Library.csproj", "{9B7421D5-AF0F-448F-9B68-5BB5A5FDAD89}"
EndProject
Project("{2150E333-8FDC-42A3-9474-1A3956D46DE8}") = "test", "test", "{05400E1F-B679-4E2F-B149-4EBD1FD34F91}"
EndProject
Project("{FAE04EC0-301F-11D3-BF4B-00C04F79EFBC}") = "Library.Test", "test\Library.Test\Library.Test.csproj", "{3C769BA6-A8E1-4B92-B939-556B1AB1D90E}"
EndProject
Project("{FAE04EC0-301F-11D3-BF4B-00C04F79EFBC}") = "Library.Crosscutting", "src\Library.Crosscutting\Library.Crosscutting.csproj", "{BCAC52A4-1AE1-4416-A0DF-9881255CA78A}"
EndProject
Project("{FAE04EC0-301F-11D3-BF4B-00C04F79EFBC}") = "Library.Domain", "src\Library.Domain\Library.Domain.csproj", "{9B284F98-5F85-44F4-8497-C4F04CE68A9E}"
EndProject
Project("{FAE04EC0-301F-11D3-BF4B-00C04F79EFBC}") = "Library.Dto", "src\Library.Dto\Library.Dto.csproj", "{D60F282B-111B-4C98-8799-80E693273515}"
EndProject
Project("{FAE04EC0-301F-11D3-BF4B-00C04F79EFBC}") = "Library.Domain.Services", "src\Library.Domain.Services\Library.Domain.Services.csproj", "{CF005FD4-AEFA-47C4-9F1D-70536FAFC325}"
EndProject
Project("{FAE04EC0-301F-11D3-BF4B-00C04F79EFBC}") = "Library.Infrastructure", "src\Library.Infrastructure\Library.Infrastructure.csproj", "{1DE3D5FA-70E7-4AC8-AC91-7317FCC7B7DC}"
EndProject
Global
	GlobalSection(SolutionConfigurationPlatforms) = preSolution
		Debug|Any CPU = Debug|Any CPU
		Debug|x64 = Debug|x64
		Debug|x86 = Debug|x86
		Release|Any CPU = Release|Any CPU
		Release|x64 = Release|x64
		Release|x86 = Release|x86
	EndGlobalSection
	GlobalSection(SolutionProperties) = preSolution
		HideSolutionNode = FALSE
	EndGlobalSection
	GlobalSection(ProjectConfigurationPlatforms) = postSolution
		{9B7421D5-AF0F-448F-9B68-5BB5A5FDAD89}.Debug|Any CPU.ActiveCfg = Debug|Any CPU
		{9B7421D5-AF0F-448F-9B68-5BB5A5FDAD89}.Debug|Any CPU.Build.0 = Debug|Any CPU
		{9B7421D5-AF0F-448F-9B68-5BB5A5FDAD89}.Debug|x64.ActiveCfg = Debug|Any CPU
		{9B7421D5-AF0F-448F-9B68-5BB5A5FDAD89}.Debug|x64.Build.0 = Debug|Any CPU
		{9B7421D5-AF0F-448F-9B68-5BB5A5FDAD89}.Debug|x86.ActiveCfg = Debug|Any CPU
		{9B7421D5-AF0F-448F-9B68-5BB5A5FDAD89}.Debug|x86.Build.0 = Debug|Any CPU
		{9B7421D5-AF0F-448F-9B68-5BB5A5FDAD89}.Release|Any CPU.ActiveCfg = Release|Any CPU
		{9B7421D5-AF0F-448F-9B68-5BB5A5FDAD89}.Release|Any CPU.Build.0 = Release|Any CPU
		{9B7421D5-AF0F-448F-9B68-5BB5A5FDAD89}.Release|x64.ActiveCfg = Release|Any CPU
		{9B7421D5-AF0F-448F-9B68-5BB5A5FDAD89}.Release|x64.Build.0 = Release|Any CPU
		{9B7421D5-AF0F-448F-9B68-5BB5A5FDAD89}.Release|x86.ActiveCfg = Release|Any CPU
		{9B7421D5-AF0F-448F-9B68-5BB5A5FDAD89}.Release|x86.Build.0 = Release|Any CPU
		{3C769BA6-A8E1-4B92-B939-556B1AB1D90E}.Debug|Any CPU.ActiveCfg = Debug|Any CPU
		{3C769BA6-A8E1-4B92-B939-556B1AB1D90E}.Debug|Any CPU.Build.0 = Debug|Any CPU
		{3C769BA6-A8E1-4B92-B939-556B1AB1D90E}.Debug|x64.ActiveCfg = Debug|Any CPU
		{3C769BA6-A8E1-4B92-B939-556B1AB1D90E}.Debug|x64.Build.0 = Debug|Any CPU
		{3C769BA6-A8E1-4B92-B939-556B1AB1D90E}.Debug|x86.ActiveCfg = Debug|Any CPU
		{3C769BA6-A8E1-4B92-B939-556B1AB1D90E}.Debug|x86.Build.0 = Debug|Any CPU
		{3C769BA6-A8E1-4B92-B939-556B1AB1D90E}.Release|Any CPU.ActiveCfg = Release|Any CPU
		{3C769BA6-A8E1-4B92-B939-556B1AB1D90E}.Release|Any CPU.Build.0 = Release|Any CPU
		{3C769BA6-A8E1-4B92-B939-556B1AB1D90E}.Release|x64.ActiveCfg = Release|Any CPU
		{3C769BA6-A8E1-4B92-B939-556B1AB1D90E}.Release|x64.Build.0 = Release|Any CPU
		{3C769BA6-A8E1-4B92-B939-556B1AB1D90E}.Release|x86.ActiveCfg = Release|Any CPU
		{3C769BA6-A8E1-4B92-B939-556B1AB1D90E}.Release|x86.Build.0 = Release|Any CPU
		{BCAC52A4-1AE1-4416-A0DF-9881255CA78A}.Debug|Any CPU.ActiveCfg = Debug|Any CPU
		{BCAC52A4-1AE1-4416-A0DF-9881255CA78A}.Debug|Any CPU.Build.0 = Debug|Any CPU
		{BCAC52A4-1AE1-4416-A0DF-9881255CA78A}.Debug|x64.ActiveCfg = Debug|Any CPU
		{BCAC52A4-1AE1-4416-A0DF-9881255CA78A}.Debug|x64.Build.0 = Debug|Any CPU
		{BCAC52A4-1AE1-4416-A0DF-9881255CA78A}.Debug|x86.ActiveCfg = Debug|Any CPU
		{BCAC52A4-1AE1-4416-A0DF-9881255CA78A}.Debug|x86.Build.0 = Debug|Any CPU
		{BCAC52A4-1AE1-4416-A0DF-9881255CA78A}.Release|Any CPU.ActiveCfg = Release|Any CPU
		{BCAC52A4-1AE1-4416-A0DF-9881255CA78A}.Release|Any CPU.Build.0 = Release|Any CPU
		{BCAC52A4-1AE1-4416-A0DF-9881255CA78A}.Release|x64.ActiveCfg = Release|Any CPU
		{BCAC52A4-1AE1-4416-A0DF-9881255CA78A}.Release|x64.Build.0 = Release|Any CPU
		{BCAC52A4-1AE1-4416-A0DF-9881255CA78A}.Release|x86.ActiveCfg = Release|Any CPU
		{BCAC52A4-1AE1-4416-A0DF-9881255CA78A}.Release|x86.Build.0 = Release|Any CPU
		{9B284F98-5F85-44F4-8497-C4F04CE68A9E}.Debug|Any CPU.ActiveCfg = Debug|Any CPU
		{9B284F98-5F85-44F4-8497-C4F04CE68A9E}.Debug|Any CPU.Build.0 = Debug|Any CPU
		{9B284F98-5F85-44F4-8497-C4F04CE68A9E}.Debug|x64.ActiveCfg = Debug|Any CPU
		{9B284F98-5F85-44F4-8497-C4F04CE68A9E}.Debug|x64.Build.0 = Debug|Any CPU
		{9B284F98-5F85-44F4-8497-C4F04CE68A9E}.Debug|x86.ActiveCfg = Debug|Any CPU
		{9B284F98-5F85-44F4-8497-C4F04CE68A9E}.Debug|x86.Build.0 = Debug|Any CPU
		{9B284F98-5F85-44F4-8497-C4F04CE68A9E}.Release|Any CPU.ActiveCfg = Release|Any CPU
		{9B284F98-5F85-44F4-8497-C4F04CE68A9E}.Release|Any CPU.Build.0 = Release|Any CPU
		{9B284F98-5F85-44F4-8497-C4F04CE68A9E}.Release|x64.ActiveCfg = Release|Any CPU
		{9B284F98-5F85-44F4-8497-C4F04CE68A9E}.Release|x64.Build.0 = Release|Any CPU
		{9B284F98-5F85-44F4-8497-C4F04CE68A9E}.Release|x86.ActiveCfg = Release|Any CPU
		{9B284F98-5F85-44F4-8497-C4F04CE68A9E}.Release|x86.Build.0 = Release|Any CPU
		{D60F282B-111B-4C98-8799-80E693273515}.Debug|Any CPU.ActiveCfg = Debug|Any CPU
		{D60F282B-111B-4C98-8799-80E693273515}.Debug|Any CPU.Build.0 = Debug|Any CPU
		{D60F282B-111B-4C98-8799-80E693273515}.Debug|x64.ActiveCfg = Debug|Any CPU
		{D60F282B-111B-4C98-8799-80E693273515}.Debug|x64.Build.0 = Debug|Any CPU
		{D60F282B-111B-4C98-8799-80E693273515}.Debug|x86.ActiveCfg = Debug|Any CPU
		{D60F282B-111B-4C98-8799-80E693273515}.Debug|x86.Build.0 = Debug|Any CPU
		{D60F282B-111B-4C98-8799-80E693273515}.Release|Any CPU.ActiveCfg = Release|Any CPU
		{D60F282B-111B-4C98-8799-80E693273515}.Release|Any CPU.Build.0 = Release|Any CPU
		{D60F282B-111B-4C98-8799-80E693273515}.Release|x64.ActiveCfg = Release|Any CPU
		{D60F282B-111B-4C98-8799-80E693273515}.Release|x64.Build.0 = Release|Any CPU
		{D60F282B-111B-4C98-8799-80E693273515}.Release|x86.ActiveCfg = Release|Any CPU
		{D60F282B-111B-4C98-8799-80E693273515}.Release|x86.Build.0 = Release|Any CPU
		{CF005FD4-AEFA-47C4-9F1D-70536FAFC325}.Debug|Any CPU.ActiveCfg = Debug|Any CPU
		{CF005FD4-AEFA-47C4-9F1D-70536FAFC325}.Debug|Any CPU.Build.0 = Debug|Any CPU
		{CF005FD4-AEFA-47C4-9F1D-70536FAFC325}.Debug|x64.ActiveCfg = Debug|Any CPU
		{CF005FD4-AEFA-47C4-9F1D-70536FAFC325}.Debug|x64.Build.0 = Debug|Any CPU
		{CF005FD4-AEFA-47C4-9F1D-70536FAFC325}.Debug|x86.ActiveCfg = Debug|Any CPU
		{CF005FD4-AEFA-47C4-9F1D-70536FAFC325}.Debug|x86.Build.0 = Debug|Any CPU
		{CF005FD4-AEFA-47C4-9F1D-70536FAFC325}.Release|Any CPU.ActiveCfg = Release|Any CPU
		{CF005FD4-AEFA-47C4-9F1D-70536FAFC325}.Release|Any CPU.Build.0 = Release|Any CPU
		{CF005FD4-AEFA-47C4-9F1D-70536FAFC325}.Release|x64.ActiveCfg = Release|Any CPU
		{CF005FD4-AEFA-47C4-9F1D-70536FAFC325}.Release|x64.Build.0 = Release|Any CPU
		{CF005FD4-AEFA-47C4-9F1D-70536FAFC325}.Release|x86.ActiveCfg = Release|Any CPU
		{CF005FD4-AEFA-47C4-9F1D-70536FAFC325}.Release|x86.Build.0 = Release|Any CPU
		{1DE3D5FA-70E7-4AC8-AC91-7317FCC7B7DC}.Debug|Any CPU.ActiveCfg = Debug|Any CPU
		{1DE3D5FA-70E7-4AC8-AC91-7317FCC7B7DC}.Debug|Any CPU.Build.0 = Debug|Any CPU
		{1DE3D5FA-70E7-4AC8-AC91-7317FCC7B7DC}.Debug|x64.ActiveCfg = Debug|Any CPU
		{1DE3D5FA-70E7-4AC8-AC91-7317FCC7B7DC}.Debug|x64.Build.0 = Debug|Any CPU
		{1DE3D5FA-70E7-4AC8-AC91-7317FCC7B7DC}.Debug|x86.ActiveCfg = Debug|Any CPU
		{1DE3D5FA-70E7-4AC8-AC91-7317FCC7B7DC}.Debug|x86.Build.0 = Debug|Any CPU
		{1DE3D5FA-70E7-4AC8-AC91-7317FCC7B7DC}.Release|Any CPU.ActiveCfg = Release|Any CPU
		{1DE3D5FA-70E7-4AC8-AC91-7317FCC7B7DC}.Release|Any CPU.Build.0 = Release|Any CPU
		{1DE3D5FA-70E7-4AC8-AC91-7317FCC7B7DC}.Release|x64.ActiveCfg = Release|Any CPU
		{1DE3D5FA-70E7-4AC8-AC91-7317FCC7B7DC}.Release|x64.Build.0 = Release|Any CPU
		{1DE3D5FA-70E7-4AC8-AC91-7317FCC7B7DC}.Release|x86.ActiveCfg = Release|Any CPU
		{1DE3D5FA-70E7-4AC8-AC91-7317FCC7B7DC}.Release|x86.Build.0 = Release|Any CPU
	EndGlobalSection
	GlobalSection(NestedProjects) = preSolution
		{9B7421D5-AF0F-448F-9B68-5BB5A5FDAD89} = {151423E1-EB15-4FDC-A330-352AF59CE8ED}
		{3C769BA6-A8E1-4B92-B939-556B1AB1D90E} = {05400E1F-B679-4E2F-B149-4EBD1FD34F91}
		{BCAC52A4-1AE1-4416-A0DF-9881255CA78A} = {151423E1-EB15-4FDC-A330-352AF59CE8ED}
		{9B284F98-5F85-44F4-8497-C4F04CE68A9E} = {151423E1-EB15-4FDC-A330-352AF59CE8ED}
		{D60F282B-111B-4C98-8799-80E693273515} = {151423E1-EB15-4FDC-A330-352AF59CE8ED}
		{CF005FD4-AEFA-47C4-9F1D-70536FAFC325} = {151423E1-EB15-4FDC-A330-352AF59CE8ED}
		{1DE3D5FA-70E7-4AC8-AC91-7317FCC7B7DC} = {151423E1-EB15-4FDC-A330-352AF59CE8ED}
	EndGlobalSection
EndGlobal
